{
  "name": "mace-clubs-tools",
  "version": "0.0.0",
  "lockfileVersion": 3,
  "requires": true,
  "packages": {
    "": {
      "name": "mace-clubs-tools",
      "version": "0.0.0",
      "dependencies": {
        "@garmin/fitsdk": "^21.213.0"
      }
    },
    "node_modules/@garmin/fitsdk": {
      "version": "21.213.0",
      "resolved": "https://registry.npmjs.org/@garmin/fitsdk/-/fitsdk-21.213.0.tgz",
      "integrity": "sha512-MrJEm7naMxs+VTkWI0+HMC6K1xJtr8Lb2X8CQdUo0GEFhM9hQNfGyaTShdFphqP2pH/u8/fqw0w9JpjZDNE6Mw==",
      "license": "SEE LICENSE IN LICENSE.txt"
    }
  }
}
